
Microsoft Visual Studio Solution File, Format Version 12.00
# Visual Studio Version 16
VisualStudioVersion = 16.0.30523.141
MinimumVisualStudioVersion = 10.0.40219.1
Project("{9A19103F-16F7-4668-BE54-9A1E7A4F7556}") = "Server", "Server\Server.csproj", "{52FBFA17-8A4D-41A7-ABA1-DE599ED1FCE3}"
EndProject
Project("{9A19103F-16F7-4668-BE54-9A1E7A4F7556}") = "Client", "Client\Client.csproj", "{C5F298B7-493A-41A0-952B-66B17240D2FA}"
EndProject
Project("{9A19103F-16F7-4668-BE54-9A1E7A4F7556}") = "Shared", "Shared\Shared.csproj", "{1D295EE0-F0A6-4513-9375-EE9A4122D1EE}"
EndProject
Global
	GlobalSection(SolutionConfigurationPlatforms) = preSolution
		Debug|Any CPU = Debug|Any CPU
		Release|Any CPU = Release|Any CPU
	EndGlobalSection
	GlobalSection(ProjectConfigurationPlatforms) = postSolution
		{52FBFA17-8A4D-41A7-ABA1-DE599ED1FCE3}.Debug|Any CPU.ActiveCfg = Debug|Any CPU
		{52FBFA17-8A4D-41A7-ABA1-DE599ED1FCE3}.Debug|Any CPU.Build.0 = Debug|Any CPU
		{52FBFA17-8A4D-41A7-ABA1-DE599ED1FCE3}.Release|Any CPU.ActiveCfg = Release|Any CPU
		{52FBFA17-8A4D-41A7-ABA1-DE599ED1FCE3}.Release|Any CPU.Build.0 = Release|Any CPU
		{C5F298B7-493A-41A0-952B-66B17240D2FA}.Debug|Any CPU.ActiveCfg = Debug|Any CPU
		{C5F298B7-493A-41A0-952B-66B17240D2FA}.Debug|Any CPU.Build.0 = Debug|Any CPU
		{C5F298B7-493A-41A0-952B-66B17240D2FA}.Release|Any CPU.ActiveCfg = Release|Any CPU
		{C5F298B7-493A-41A0-952B-66B17240D2FA}.Release|Any CPU.Build.0 = Release|Any CPU
		{1D295EE0-F0A6-4513-9375-EE9A4122D1EE}.Debug|Any CPU.ActiveCfg = Debug|Any CPU
		{1D295EE0-F0A6-4513-9375-EE9A4122D1EE}.Debug|Any CPU.Build.0 = Debug|Any CPU
		{1D295EE0-F0A6-4513-9375-EE9A4122D1EE}.Release|Any CPU.ActiveCfg = Release|Any CPU
		{1D295EE0-F0A6-4513-9375-EE9A4122D1EE}.Release|Any CPU.Build.0 = Release|Any CPU
	EndGlobalSection
	GlobalSection(SolutionProperties) = preSolution
		HideSolutionNode = FALSE
	EndGlobalSection
	GlobalSection(ExtensibilityGlobals) = postSolution
		SolutionGuid = {CF8C19AD-18A6-4044-B5BB-21CBEEFAE208}
	EndGlobalSection
EndGlobal
